
Microsoft Visual Studio Solution File, Format Version 12.00
# Visual Studio Version 17
VisualStudioVersion = 17.5.002.0
MinimumVisualStudioVersion = 10.0.40219.1
Project("{9A19103F-16F7-4668-BE54-9A1E7A4F7556}") = "SparseVector", "SparseVector\SparseVector.csproj", "{34ED5FBD-5C24-4E47-A2E0-170A47ABC5FE}"
EndProject
Project("{FAE04EC0-301F-11D3-BF4B-00C04F79EFBC}") = "SparseVector.Tests", "SparseVector.Tests\SparseVector.Tests.csproj", "{CF3BC315-21CA-4A8B-BB72-13BC33242862}"
EndProject
Global
	GlobalSection(SolutionConfigurationPlatforms) = preSolution
		Debug|Any CPU = Debug|Any CPU
		Release|Any CPU = Release|Any CPU
	EndGlobalSection
	GlobalSection(ProjectConfigurationPlatforms) = postSolution
		{34ED5FBD-5C24-4E47-A2E0-170A47ABC5FE}.Debug|Any CPU.ActiveCfg = Debug|Any CPU
		{34ED5FBD-5C24-4E47-A2E0-170A47ABC5FE}.Debug|Any CPU.Build.0 = Debug|Any CPU
		{34ED5FBD-5C24-4E47-A2E0-170A47ABC5FE}.Release|Any CPU.ActiveCfg = Release|Any CPU
		{34ED5FBD-5C24-4E47-A2E0-170A47ABC5FE}.Release|Any CPU.Build.0 = Release|Any CPU
		{CF3BC315-21CA-4A8B-BB72-13BC33242862}.Debug|Any CPU.ActiveCfg = Debug|Any CPU
		{CF3BC315-21CA-4A8B-BB72-13BC33242862}.Debug|Any CPU.Build.0 = Debug|Any CPU
		{CF3BC315-21CA-4A8B-BB72-13BC33242862}.Release|Any CPU.ActiveCfg = Release|Any CPU
		{CF3BC315-21CA-4A8B-BB72-13BC33242862}.Release|Any CPU.Build.0 = Release|Any CPU
	EndGlobalSection
	GlobalSection(SolutionProperties) = preSolution
		HideSolutionNode = FALSE
	EndGlobalSection
	GlobalSection(ExtensibilityGlobals) = postSolution
		SolutionGuid = {A36ED29E-A685-4559-BC50-88037BA220C9}
	EndGlobalSection
EndGlobal
